
Microsoft Visual Studio Solution File, Format Version 12.00
# Visual Studio Version 16
VisualStudioVersion = 16.0.31205.134
MinimumVisualStudioVersion = 10.0.40219.1
Project("{FAE04EC0-301F-11D3-BF4B-00C04F79EFBC}") = "StudentRecord", "StudentRecord\StudentRecord.csproj", "{20484403-249E-4D02-8761-03FB30B62C3F}"
EndProject
Project("{FAE04EC0-301F-11D3-BF4B-00C04F79EFBC}") = "TestProject", "TestProject\TestProject.csproj", "{0756D50A-DCFE-4BBE-A652-32CE1B917347}"
EndProject
Global
	GlobalSection(SolutionConfigurationPlatforms) = preSolution
		Debug|Any CPU = Debug|Any CPU
		Release|Any CPU = Release|Any CPU
	EndGlobalSection
	GlobalSection(ProjectConfigurationPlatforms) = postSolution
		{20484403-249E-4D02-8761-03FB30B62C3F}.Debug|Any CPU.ActiveCfg = Debug|Any CPU
		{20484403-249E-4D02-8761-03FB30B62C3F}.Debug|Any CPU.Build.0 = Debug|Any CPU
		{20484403-249E-4D02-8761-03FB30B62C3F}.Release|Any CPU.ActiveCfg = Release|Any CPU
		{20484403-249E-4D02-8761-03FB30B62C3F}.Release|Any CPU.Build.0 = Release|Any CPU
		{0756D50A-DCFE-4BBE-A652-32CE1B917347}.Debug|Any CPU.ActiveCfg = Debug|Any CPU
		{0756D50A-DCFE-4BBE-A652-32CE1B917347}.Debug|Any CPU.Build.0 = Debug|Any CPU
		{0756D50A-DCFE-4BBE-A652-32CE1B917347}.Release|Any CPU.ActiveCfg = Release|Any CPU
		{0756D50A-DCFE-4BBE-A652-32CE1B917347}.Release|Any CPU.Build.0 = Release|Any CPU
	EndGlobalSection
	GlobalSection(SolutionProperties) = preSolution
		HideSolutionNode = FALSE
	EndGlobalSection
	GlobalSection(ExtensibilityGlobals) = postSolution
		SolutionGuid = {777EF794-A11D-4FF0-BCAF-B98C809FF4C9}
	EndGlobalSection
EndGlobal
